// !$*UTF8*$!
{
	archiveVersion = 1;
	classes = {
	};
	objectVersion = 46;
	objects = {

/* Begin PBXBuildFile section */
		E9C729761A77EE3A00803AC5 /* main.m in Sources */ = {isa = PBXBuildFile; fileRef = E9C729751A77EE3A00803AC5 /* main.m */; };
		E9C729791A77EE3A00803AC5 /* AppDelegate.m in Sources */ = {isa = PBXBuildFile; fileRef = E9C729781A77EE3A00803AC5 /* AppDelegate.m */; };
		E9C7297C1A77EE3A00803AC5 /* ViewController.m in Sources */ = {isa = PBXBuildFile; fileRef = E9C7297B1A77EE3A00803AC5 /* ViewController.m */; };
		E9C7297F1A77EE3A00803AC5 /* Main.storyboard in Resources */ = {isa = PBXBuildFile; fileRef = E9C7297D1A77EE3A00803AC5 /* Main.storyboard */; };
		E9C729811A77EE3A00803AC5 /* Images.xcassets in Resources */ = {isa = PBXBuildFile; fileRef = E9C729801A77EE3A00803AC5 /* Images.xcassets */; };
		E9C729841A77EE3A00803AC5 /* LaunchScreen.xib in Resources */ = {isa = PBXBuildFile; fileRef = E9C729821A77EE3A00803AC5 /* LaunchScreen.xib */; };
		E9C729901A77EE3B00803AC5 /* nim_ios_demoTests.m in Sources */ = {isa = PBXBuildFile; fileRef = E9C7298F1A77EE3B00803AC5 /* nim_ios_demoTests.m */; };
		E9C729AA1A77F46000803AC5 /* backend.m in Sources */ = {isa = PBXBuildFile; fileRef = E9C729A71A77F46000803AC5 /* backend.m */; };
		E9C729AB1A77F46000803AC5 /* system.m in Sources */ = {isa = PBXBuildFile; fileRef = E9C729A91A77F46000803AC5 /* system.m */; };
/* End PBXBuildFile section */

/* Begin PBXContainerItemProxy section */
		E9C7298A1A77EE3B00803AC5 /* PBXContainerItemProxy */ = {
			isa = PBXContainerItemProxy;
			containerPortal = E9C729681A77EE3A00803AC5 /* Project object */;
			proxyType = 1;
			remoteGlobalIDString = E9C7296F1A77EE3A00803AC5;
			remoteInfo = "nim-ios-demo";
		};
/* End PBXContainerItemProxy section */

/* Begin PBXFileReference section */
		E9C729701A77EE3A00803AC5 /* nim-ios-demo.app */ = {isa = PBXFileReference; explicitFileType = wrapper.application; includeInIndex = 0; path = "nim-ios-demo.app"; sourceTree = BUILT_PRODUCTS_DIR; };
		E9C729741A77EE3A00803AC5 /* Info.plist */ = {isa = PBXFileReference; lastKnownFileType = text.plist.xml; path = Info.plist; sourceTree = "<group>"; };
		E9C729751A77EE3A00803AC5 /* main.m */ = {isa = PBXFileReference; lastKnownFileType = sourcecode.c.objc; path = main.m; sourceTree = "<group>"; };
		E9C729771A77EE3A00803AC5 /* AppDelegate.h */ = {isa = PBXFileReference; lastKnownFileType = sourcecode.c.h; path = AppDelegate.h; sourceTree = "<group>"; };
		E9C729781A77EE3A00803AC5 /* AppDelegate.m */ = {isa = PBXFileReference; lastKnownFileType = sourcecode.c.objc; path = AppDelegate.m; sourceTree = "<group>"; };
		E9C7297A1A77EE3A00803AC5 /* ViewController.h */ = {isa = PBXFileReference; lastKnownFileType = sourcecode.c.h; path = ViewController.h; sourceTree = "<group>"; };
		E9C7297B1A77EE3A00803AC5 /* ViewController.m */ = {isa = PBXFileReference; lastKnownFileType = sourcecode.c.objc; path = ViewController.m; sourceTree = "<group>"; };
		E9C7297E1A77EE3A00803AC5 /* Base */ = {isa = PBXFileReference; lastKnownFileType = file.storyboard; name = Base; path = Base.lproj/Main.storyboard; sourceTree = "<group>"; };
		E9C729801A77EE3A00803AC5 /* Images.xcassets */ = {isa = PBXFileReference; lastKnownFileType = folder.assetcatalog; path = Images.xcassets; sourceTree = "<group>"; };
		E9C729831A77EE3A00803AC5 /* Base */ = {isa = PBXFileReference; lastKnownFileType = file.xib; name = Base; path = Base.lproj/LaunchScreen.xib; sourceTree = "<group>"; };
		E9C729891A77EE3B00803AC5 /* nim-ios-demoTests.xctest */ = {isa = PBXFileReference; explicitFileType = wrapper.cfbundle; includeInIndex = 0; path = "nim-ios-demoTests.xctest"; sourceTree = BUILT_PRODUCTS_DIR; };
		E9C7298E1A77EE3B00803AC5 /* Info.plist */ = {isa = PBXFileReference; lastKnownFileType = text.plist.xml; path = Info.plist; sourceTree = "<group>"; };
		E9C7298F1A77EE3B00803AC5 /* nim_ios_demoTests.m */ = {isa = PBXFileReference; lastKnownFileType = sourcecode.c.objc; path = nim_ios_demoTests.m; sourceTree = "<group>"; };
		E9C7299B1A77F37600803AC5 /* xcode_prebuild.sh */ = {isa = PBXFileReference; lastKnownFileType = text.script.sh; path = xcode_prebuild.sh; sourceTree = "<group>"; };
		E9C7299D1A77F37600803AC5 /* backend.nim */ = {isa = PBXFileReference; lastKnownFileType = text; path = backend.nim; sourceTree = "<group>"; };
		E9C729A01A77F37600803AC5 /* backend.h */ = {isa = PBXFileReference; lastKnownFileType = sourcecode.c.h; path = backend.h; sourceTree = "<group>"; };
		E9C729A11A77F37600803AC5 /* backend.m */ = {isa = PBXFileReference; lastKnownFileType = sourcecode.c.objc; path = backend.m; sourceTree = "<group>"; };
		E9C729A21A77F37600803AC5 /* nimbase.h */ = {isa = PBXFileReference; lastKnownFileType = sourcecode.c.h; path = nimbase.h; sourceTree = "<group>"; };
		E9C729A31A77F37600803AC5 /* system.m */ = {isa = PBXFileReference; lastKnownFileType = sourcecode.c.objc; path = system.m; sourceTree = "<group>"; };
		E9C729A61A77F46000803AC5 /* backend.h */ = {isa = PBXFileReference; fileEncoding = 4; lastKnownFileType = sourcecode.c.h; path = backend.h; sourceTree = "<group>"; };
		E9C729A71A77F46000803AC5 /* backend.m */ = {isa = PBXFileReference; fileEncoding = 4; lastKnownFileType = sourcecode.c.objc; path = backend.m; sourceTree = "<group>"; };
		E9C729A81A77F46000803AC5 /* nimbase.h */ = {isa = PBXFileReference; fileEncoding = 4; lastKnownFileType = sourcecode.c.h; path = nimbase.h; sourceTree = "<group>"; };
		E9C729A91A77F46000803AC5 /* system.m */ = {isa = PBXFileReference; fileEncoding = 4; lastKnownFileType = sourcecode.c.objc; path = system.m; sourceTree = "<group>"; };
/* End PBXFileReference section */

/* Begin PBXFrameworksBuildPhase section */
		E9C7296D1A77EE3A00803AC5 /* Frameworks */ = {
			isa = PBXFrameworksBuildPhase;
			buildActionMask = 2147483647;
			files = (
			);
			runOnlyForDeploymentPostprocessing = 0;
		};
		E9C729861A77EE3B00803AC5 /* Frameworks */ = {
			isa = PBXFrameworksBuildPhase;
			buildActionMask = 2147483647;
			files = (
			);
			runOnlyForDeploymentPostprocessing = 0;
		};
/* End PBXFrameworksBuildPhase section */

/* Begin PBXGroup section */
		E9C729671A77EE3A00803AC5 = {
			isa = PBXGroup;
			children = (
				E9C729721A77EE3A00803AC5 /* nim-ios-demo */,
				E9C7298C1A77EE3B00803AC5 /* nim-ios-demoTests */,
				E9C729711A77EE3A00803AC5 /* Products */,
			);
			sourceTree = "<group>";
		};
		E9C729711A77EE3A00803AC5 /* Products */ = {
			isa = PBXGroup;
			children = (
				E9C729701A77EE3A00803AC5 /* nim-ios-demo.app */,
				E9C729891A77EE3B00803AC5 /* nim-ios-demoTests.xctest */,
			);
			name = Products;
			sourceTree = "<group>";
		};
		E9C729721A77EE3A00803AC5 /* nim-ios-demo */ = {
			isa = PBXGroup;
			children = (
				E9C729A41A77F46000803AC5 /* build */,
				E9C7299A1A77F37600803AC5 /* scripts */,
				E9C7299C1A77F37600803AC5 /* src */,
				E9C729771A77EE3A00803AC5 /* AppDelegate.h */,
				E9C729781A77EE3A00803AC5 /* AppDelegate.m */,
				E9C7297A1A77EE3A00803AC5 /* ViewController.h */,
				E9C7297B1A77EE3A00803AC5 /* ViewController.m */,
				E9C7297D1A77EE3A00803AC5 /* Main.storyboard */,
				E9C729801A77EE3A00803AC5 /* Images.xcassets */,
				E9C729821A77EE3A00803AC5 /* LaunchScreen.xib */,
				E9C729731A77EE3A00803AC5 /* Supporting Files */,
			);
			path = "nim-ios-demo";
			sourceTree = "<group>";
		};
		E9C729731A77EE3A00803AC5 /* Supporting Files */ = {
			isa = PBXGroup;
			children = (
				E9C729741A77EE3A00803AC5 /* Info.plist */,
				E9C729751A77EE3A00803AC5 /* main.m */,
			);
			name = "Supporting Files";
			sourceTree = "<group>";
		};
		E9C7298C1A77EE3B00803AC5 /* nim-ios-demoTests */ = {
			isa = PBXGroup;
			children = (
				E9C7298F1A77EE3B00803AC5 /* nim_ios_demoTests.m */,
				E9C7298D1A77EE3B00803AC5 /* Supporting Files */,
			);
			path = "nim-ios-demoTests";
			sourceTree = "<group>";
		};
		E9C7298D1A77EE3B00803AC5 /* Supporting Files */ = {
			isa = PBXGroup;
			children = (
				E9C7298E1A77EE3B00803AC5 /* Info.plist */,
			);
			name = "Supporting Files";
			sourceTree = "<group>";
		};
		E9C7299A1A77F37600803AC5 /* scripts */ = {
			isa = PBXGroup;
			children = (
				E9C7299B1A77F37600803AC5 /* xcode_prebuild.sh */,
			);
			path = scripts;
			sourceTree = "<group>";
		};
		E9C7299C1A77F37600803AC5 /* src */ = {
			isa = PBXGroup;
			children = (
				E9C7299D1A77F37600803AC5 /* backend.nim */,
				E9C7299E1A77F37600803AC5 /* build */,
			);
			path = src;
			sourceTree = "<group>";
		};
		E9C7299E1A77F37600803AC5 /* build */ = {
			isa = PBXGroup;
			children = (
				E9C7299F1A77F37600803AC5 /* nimcache */,
			);
			path = build;
			sourceTree = "<group>";
		};
		E9C7299F1A77F37600803AC5 /* nimcache */ = {
			isa = PBXGroup;
			children = (
				E9C729A01A77F37600803AC5 /* backend.h */,
				E9C729A11A77F37600803AC5 /* backend.m */,
				E9C729A21A77F37600803AC5 /* nimbase.h */,
				E9C729A31A77F37600803AC5 /* system.m */,
			);
			path = nimcache;
			sourceTree = "<group>";
		};
		E9C729A41A77F46000803AC5 /* build */ = {
			isa = PBXGroup;
			children = (
				E9C729A51A77F46000803AC5 /* nimcache */,
			);
			name = build;
			path = src/build;
			sourceTree = "<group>";
		};
		E9C729A51A77F46000803AC5 /* nimcache */ = {
			isa = PBXGroup;
			children = (
				E9C729A61A77F46000803AC5 /* backend.h */,
				E9C729A71A77F46000803AC5 /* backend.m */,
				E9C729A81A77F46000803AC5 /* nimbase.h */,
				E9C729A91A77F46000803AC5 /* system.m */,
			);
			path = nimcache;
			sourceTree = "<group>";
		};
/* End PBXGroup section */

/* Begin PBXNativeTarget section */
		E9C7296F1A77EE3A00803AC5 /* nim-ios-demo */ = {
			isa = PBXNativeTarget;
			buildConfigurationList = E9C729931A77EE3B00803AC5 /* Build configuration list for PBXNativeTarget "nim-ios-demo" */;
			buildPhases = (
				E9C7296C1A77EE3A00803AC5 /* Sources */,
				E9C7296D1A77EE3A00803AC5 /* Frameworks */,
				E9C7296E1A77EE3A00803AC5 /* Resources */,
				E9C729991A77F14400803AC5 /* ShellScript */,
			);
			buildRules = (
			);
			dependencies = (
			);
			name = "nim-ios-demo";
			productName = "nim-ios-demo";
			productReference = E9C729701A77EE3A00803AC5 /* nim-ios-demo.app */;
			productType = "com.apple.product-type.application";
		};
		E9C729881A77EE3B00803AC5 /* nim-ios-demoTests */ = {
			isa = PBXNativeTarget;
			buildConfigurationList = E9C729961A77EE3B00803AC5 /* Build configuration list for PBXNativeTarget "nim-ios-demoTests" */;
			buildPhases = (
				E9C729851A77EE3B00803AC5 /* Sources */,
				E9C729861A77EE3B00803AC5 /* Frameworks */,
				E9C729871A77EE3B00803AC5 /* Resources */,
			);
			buildRules = (
			);
			dependencies = (
				E9C7298B1A77EE3B00803AC5 /* PBXTargetDependency */,
			);
			name = "nim-ios-demoTests";
			productName = "nim-ios-demoTests";
			productReference = E9C729891A77EE3B00803AC5 /* nim-ios-demoTests.xctest */;
			productType = "com.apple.product-type.bundle.unit-test";
		};
/* End PBXNativeTarget section */

/* Begin PBXProject section */
		E9C729681A77EE3A00803AC5 /* Project object */ = {
			isa = PBXProject;
			attributes = {
				LastUpgradeCheck = 0610;
				ORGANIZATIONNAME = "Programming Thomas";
				TargetAttributes = {
					E9C7296F1A77EE3A00803AC5 = {
						CreatedOnToolsVersion = 6.1.1;
					};
					E9C729881A77EE3B00803AC5 = {
						CreatedOnToolsVersion = 6.1.1;
						TestTargetID = E9C7296F1A77EE3A00803AC5;
					};
				};
			};
			buildConfigurationList = E9C7296B1A77EE3A00803AC5 /* Build configuration list for PBXProject "nim-ios-demo" */;
			compatibilityVersion = "Xcode 3.2";
			developmentRegion = English;
			hasScannedForEncodings = 0;
			knownRegions = (
				en,
				Base,
			);
			mainGroup = E9C729671A77EE3A00803AC5;
			productRefGroup = E9C729711A77EE3A00803AC5 /* Products */;
			projectDirPath = "";
			projectRoot = "";
			targets = (
				E9C7296F1A77EE3A00803AC5 /* nim-ios-demo */,
				E9C729881A77EE3B00803AC5 /* nim-ios-demoTests */,
			);
		};
/* End PBXProject section */

/* Begin PBXResourcesBuildPhase section */
		E9C7296E1A77EE3A00803AC5 /* Resources */ = {
			isa = PBXResourcesBuildPhase;
			buildActionMask = 2147483647;
			files = (
				E9C7297F1A77EE3A00803AC5 /* Main.storyboard in Resources */,
				E9C729841A77EE3A00803AC5 /* LaunchScreen.xib in Resources */,
				E9C729811A77EE3A00803AC5 /* Images.xcassets in Resources */,
			);
			runOnlyForDeploymentPostprocessing = 0;
		};
		E9C729871A77EE3B00803AC5 /* Resources */ = {
			isa = PBXResourcesBuildPhase;
			buildActionMask = 2147483647;
			files = (
			);
			runOnlyForDeploymentPostprocessing = 0;
		};
/* End PBXResourcesBuildPhase section */

/* Begin PBXShellScriptBuildPhase section */
		E9C729991A77F14400803AC5 /* ShellScript */ = {
			isa = PBXShellScriptBuildPhase;
			buildActionMask = 2147483647;
			files = (
			);
			inputPaths = (
			);
			outputPaths = (
			);
			runOnlyForDeploymentPostprocessing = 0;
			shellPath = /bin/sh;
			shellScript = "nim-ios-demo/scripts/xcode_prebuild.sh";
		};
/* End PBXShellScriptBuildPhase section */

/* Begin PBXSourcesBuildPhase section */
		E9C7296C1A77EE3A00803AC5 /* Sources */ = {
			isa = PBXSourcesBuildPhase;
			buildActionMask = 2147483647;
			files = (
				E9C729AA1A77F46000803AC5 /* backend.m in Sources */,
				E9C7297C1A77EE3A00803AC5 /* ViewController.m in Sources */,
				E9C729791A77EE3A00803AC5 /* AppDelegate.m in Sources */,
				E9C729AB1A77F46000803AC5 /* system.m in Sources */,
				E9C729761A77EE3A00803AC5 /* main.m in Sources */,
			);
			runOnlyForDeploymentPostprocessing = 0;
		};
		E9C729851A77EE3B00803AC5 /* Sources */ = {
			isa = PBXSourcesBuildPhase;
			buildActionMask = 2147483647;
			files = (
				E9C729901A77EE3B00803AC5 /* nim_ios_demoTests.m in Sources */,
			);
			runOnlyForDeploymentPostprocessing = 0;
		};
/* End PBXSourcesBuildPhase section */

/* Begin PBXTargetDependency section */
		E9C7298B1A77EE3B00803AC5 /* PBXTargetDependency */ = {
			isa = PBXTargetDependency;
			target = E9C7296F1A77EE3A00803AC5 /* nim-ios-demo */;
			targetProxy = E9C7298A1A77EE3B00803AC5 /* PBXContainerItemProxy */;
		};
/* End PBXTargetDependency section */

/* Begin PBXVariantGroup section */
		E9C7297D1A77EE3A00803AC5 /* Main.storyboard */ = {
			isa = PBXVariantGroup;
			children = (
				E9C7297E1A77EE3A00803AC5 /* Base */,
			);
			name = Main.storyboard;
			sourceTree = "<group>";
		};
		E9C729821A77EE3A00803AC5 /* LaunchScreen.xib */ = {
			isa = PBXVariantGroup;
			children = (
				E9C729831A77EE3A00803AC5 /* Base */,
			);
			name = LaunchScreen.xib;
			sourceTree = "<group>";
		};
/* End PBXVariantGroup section */

/* Begin XCBuildConfiguration section */
		E9C729911A77EE3B00803AC5 /* Debug */ = {
			isa = XCBuildConfiguration;
			buildSettings = {
				ALWAYS_SEARCH_USER_PATHS = NO;
				CLANG_CXX_LANGUAGE_STANDARD = "gnu++0x";
				CLANG_CXX_LIBRARY = "libc++";
				CLANG_ENABLE_MODULES = YES;
				CLANG_ENABLE_OBJC_ARC = YES;
				CLANG_WARN_BOOL_CONVERSION = YES;
				CLANG_WARN_CONSTANT_CONVERSION = YES;
				CLANG_WARN_DIRECT_OBJC_ISA_USAGE = YES_ERROR;
				CLANG_WARN_EMPTY_BODY = YES;
				CLANG_WARN_ENUM_CONVERSION = YES;
				CLANG_WARN_INT_CONVERSION = YES;
				CLANG_WARN_OBJC_ROOT_CLASS = YES_ERROR;
				CLANG_WARN_UNREACHABLE_CODE = YES;
				CLANG_WARN__DUPLICATE_METHOD_MATCH = YES;
				"CODE_SIGN_IDENTITY[sdk=iphoneos*]" = "iPhone Developer";
				COPY_PHASE_STRIP = NO;
				ENABLE_STRICT_OBJC_MSGSEND = YES;
				GCC_C_LANGUAGE_STANDARD = gnu99;
				GCC_DYNAMIC_NO_PIC = NO;
				GCC_OPTIMIZATION_LEVEL = 0;
				GCC_PREPROCESSOR_DEFINITIONS = (
					"DEBUG=1",
					"$(inherited)",
				);
				GCC_SYMBOLS_PRIVATE_EXTERN = NO;
				GCC_WARN_64_TO_32_BIT_CONVERSION = YES;
				GCC_WARN_ABOUT_RETURN_TYPE = YES_ERROR;
				GCC_WARN_UNDECLARED_SELECTOR = YES;
				GCC_WARN_UNINITIALIZED_AUTOS = YES_AGGRESSIVE;
				GCC_WARN_UNUSED_FUNCTION = YES;
				GCC_WARN_UNUSED_VARIABLE = YES;
				IPHONEOS_DEPLOYMENT_TARGET = 8.1;
				MTL_ENABLE_DEBUG_INFO = YES;
				ONLY_ACTIVE_ARCH = YES;
				SDKROOT = iphoneos;
				TARGETED_DEVICE_FAMILY = "1,2";
			};
			name = Debug;
		};
		E9C729921A77EE3B00803AC5 /* Release */ = {
			isa = XCBuildConfiguration;
			buildSettings = {
				ALWAYS_SEARCH_USER_PATHS = NO;
				CLANG_CXX_LANGUAGE_STANDARD = "gnu++0x";
				CLANG_CXX_LIBRARY = "libc++";
				CLANG_ENABLE_MODULES = YES;
				CLANG_ENABLE_OBJC_ARC = YES;
				CLANG_WARN_BOOL_CONVERSION = YES;
				CLANG_WARN_CONSTANT_CONVERSION = YES;
				CLANG_WARN_DIRECT_OBJC_ISA_USAGE = YES_ERROR;
				CLANG_WARN_EMPTY_BODY = YES;
				CLANG_WARN_ENUM_CONVERSION = YES;
				CLANG_WARN_INT_CONVERSION = YES;
				CLANG_WARN_OBJC_ROOT_CLASS = YES_ERROR;
				CLANG_WARN_UNREACHABLE_CODE = YES;
				CLANG_WARN__DUPLICATE_METHOD_MATCH = YES;
				"CODE_SIGN_IDENTITY[sdk=iphoneos*]" = "iPhone Developer";
				COPY_PHASE_STRIP = YES;
				ENABLE_NS_ASSERTIONS = NO;
				ENABLE_STRICT_OBJC_MSGSEND = YES;
				GCC_C_LANGUAGE_STANDARD = gnu99;
				GCC_WARN_64_TO_32_BIT_CONVERSION = YES;
				GCC_WARN_ABOUT_RETURN_TYPE = YES_ERROR;
				GCC_WARN_UNDECLARED_SELECTOR = YES;
				GCC_WARN_UNINITIALIZED_AUTOS = YES_AGGRESSIVE;
				GCC_WARN_UNUSED_FUNCTION = YES;
				GCC_WARN_UNUSED_VARIABLE = YES;
				IPHONEOS_DEPLOYMENT_TARGET = 8.1;
				MTL_ENABLE_DEBUG_INFO = NO;
				SDKROOT = iphoneos;
				TARGETED_DEVICE_FAMILY = "1,2";
				VALIDATE_PRODUCT = YES;
			};
			name = Release;
		};
		E9C729941A77EE3B00803AC5 /* Debug */ = {
			isa = XCBuildConfiguration;
			buildSettings = {
				ASSETCATALOG_COMPILER_APPICON_NAME = AppIcon;
				INFOPLIST_FILE = "nim-ios-demo/Info.plist";
				LD_RUNPATH_SEARCH_PATHS = "$(inherited) @executable_path/Frameworks";
				PRODUCT_NAME = "$(TARGET_NAME)";
			};
			name = Debug;
		};
		E9C729951A77EE3B00803AC5 /* Release */ = {
			isa = XCBuildConfiguration;
			buildSettings = {
				ASSETCATALOG_COMPILER_APPICON_NAME = AppIcon;
				INFOPLIST_FILE = "nim-ios-demo/Info.plist";
				LD_RUNPATH_SEARCH_PATHS = "$(inherited) @executable_path/Frameworks";
				PRODUCT_NAME = "$(TARGET_NAME)";
			};
			name = Release;
		};
		E9C729971A77EE3B00803AC5 /* Debug */ = {
			isa = XCBuildConfiguration;
			buildSettings = {
				BUNDLE_LOADER = "$(TEST_HOST)";
				FRAMEWORK_SEARCH_PATHS = (
					"$(SDKROOT)/Developer/Library/Frameworks",
					"$(inherited)",
				);
				GCC_PREPROCESSOR_DEFINITIONS = (
					"DEBUG=1",
					"$(inherited)",
				);
				INFOPLIST_FILE = "nim-ios-demoTests/Info.plist";
				LD_RUNPATH_SEARCH_PATHS = "$(inherited) @executable_path/Frameworks @loader_path/Frameworks";
				PRODUCT_NAME = "$(TARGET_NAME)";
				TEST_HOST = "$(BUILT_PRODUCTS_DIR)/nim-ios-demo.app/nim-ios-demo";
			};
			name = Debug;
		};
		E9C729981A77EE3B00803AC5 /* Release */ = {
			isa = XCBuildConfiguration;
			buildSettings = {
				BUNDLE_LOADER = "$(TEST_HOST)";
				FRAMEWORK_SEARCH_PATHS = (
					"$(SDKROOT)/Developer/Library/Frameworks",
					"$(inherited)",
				);
				INFOPLIST_FILE = "nim-ios-demoTests/Info.plist";
				LD_RUNPATH_SEARCH_PATHS = "$(inherited) @executable_path/Frameworks @loader_path/Frameworks";
				PRODUCT_NAME = "$(TARGET_NAME)";
				TEST_HOST = "$(BUILT_PRODUCTS_DIR)/nim-ios-demo.app/nim-ios-demo";
			};
			name = Release;
		};
/* End XCBuildConfiguration section */

/* Begin XCConfigurationList section */
		E9C7296B1A77EE3A00803AC5 /* Build configuration list for PBXProject "nim-ios-demo" */ = {
			isa = XCConfigurationList;
			buildConfigurations = (
				E9C729911A77EE3B00803AC5 /* Debug */,
				E9C729921A77EE3B00803AC5 /* Release */,
			);
			defaultConfigurationIsVisible = 0;
			defaultConfigurationName = Release;
		};
		E9C729931A77EE3B00803AC5 /* Build configuration list for PBXNativeTarget "nim-ios-demo" */ = {
			isa = XCConfigurationList;
			buildConfigurations = (
				E9C729941A77EE3B00803AC5 /* Debug */,
				E9C729951A77EE3B00803AC5 /* Release */,
			);
			defaultConfigurationIsVisible = 0;
		};
		E9C729961A77EE3B00803AC5 /* Build configuration list for PBXNativeTarget "nim-ios-demoTests" */ = {
			isa = XCConfigurationList;
			buildConfigurations = (
				E9C729971A77EE3B00803AC5 /* Debug */,
				E9C729981A77EE3B00803AC5 /* Release */,
			);
			defaultConfigurationIsVisible = 0;
		};
/* End XCConfigurationList section */
	};
	rootObject = E9C729681A77EE3A00803AC5 /* Project object */;
}
